
Microsoft Visual Studio Solution File, Format Version 12.00
# Visual Studio Version 16
VisualStudioVersion = 16.0.29920.165
MinimumVisualStudioVersion = 10.0.40219.1
Project("{9A19103F-16F7-4668-BE54-9A1E7A4F7556}") = "GradeBook", "src\GradeBook\GradeBook.csproj", "{7B363E6F-6E42-4037-BDDD-4C1499B71846}"
EndProject
Global
	GlobalSection(SolutionConfigurationPlatforms) = preSolution
		Debug|Any CPU = Debug|Any CPU
		Release|Any CPU = Release|Any CPU
	EndGlobalSection
	GlobalSection(ProjectConfigurationPlatforms) = postSolution
		{7B363E6F-6E42-4037-BDDD-4C1499B71846}.Debug|Any CPU.ActiveCfg = Debug|Any CPU
		{7B363E6F-6E42-4037-BDDD-4C1499B71846}.Debug|Any CPU.Build.0 = Debug|Any CPU
		{7B363E6F-6E42-4037-BDDD-4C1499B71846}.Release|Any CPU.ActiveCfg = Release|Any CPU
		{7B363E6F-6E42-4037-BDDD-4C1499B71846}.Release|Any CPU.Build.0 = Release|Any CPU
	EndGlobalSection
	GlobalSection(SolutionProperties) = preSolution
		HideSolutionNode = FALSE
	EndGlobalSection
	GlobalSection(ExtensibilityGlobals) = postSolution
		SolutionGuid = {98191951-2F05-4236-8B2C-BC96FA6EAB4F}
	EndGlobalSection
EndGlobal
