
Microsoft Visual Studio Solution File, Format Version 12.00
# Visual Studio 15
VisualStudioVersion = 15.0.26124.0
MinimumVisualStudioVersion = 15.0.26124.0
Project("{2150E333-8FDC-42A3-9474-1A3956D46DE8}") = "src", "src", "{78C30F14-1A68-4C7D-8E72-261BF8858379}"
EndProject
Project("{FAE04EC0-301F-11D3-BF4B-00C04F79EFBC}") = "GradeBook", "src\GradeBook\GradeBook.csproj", "{EB01C71E-1FFE-494A-A92A-FC923548D4FA}"
EndProject
Project("{2150E333-8FDC-42A3-9474-1A3956D46DE8}") = "test", "test", "{A95FA9DD-8E3F-403E-B29D-8894221B5878}"
EndProject
Project("{FAE04EC0-301F-11D3-BF4B-00C04F79EFBC}") = "GradeBook.Tests", "test\GradeBook.Tests\GradeBook.Tests.csproj", "{BE6C206E-51AB-4218-BE3E-474007989132}"
EndProject
Global
	GlobalSection(SolutionConfigurationPlatforms) = preSolution
		Debug|Any CPU = Debug|Any CPU
		Debug|x64 = Debug|x64
		Debug|x86 = Debug|x86
		Release|Any CPU = Release|Any CPU
		Release|x64 = Release|x64
		Release|x86 = Release|x86
	EndGlobalSection
	GlobalSection(SolutionProperties) = preSolution
		HideSolutionNode = FALSE
	EndGlobalSection
	GlobalSection(ProjectConfigurationPlatforms) = postSolution
		{EB01C71E-1FFE-494A-A92A-FC923548D4FA}.Debug|Any CPU.ActiveCfg = Debug|Any CPU
		{EB01C71E-1FFE-494A-A92A-FC923548D4FA}.Debug|Any CPU.Build.0 = Debug|Any CPU
		{EB01C71E-1FFE-494A-A92A-FC923548D4FA}.Debug|x64.ActiveCfg = Debug|Any CPU
		{EB01C71E-1FFE-494A-A92A-FC923548D4FA}.Debug|x64.Build.0 = Debug|Any CPU
		{EB01C71E-1FFE-494A-A92A-FC923548D4FA}.Debug|x86.ActiveCfg = Debug|Any CPU
		{EB01C71E-1FFE-494A-A92A-FC923548D4FA}.Debug|x86.Build.0 = Debug|Any CPU
		{EB01C71E-1FFE-494A-A92A-FC923548D4FA}.Release|Any CPU.ActiveCfg = Release|Any CPU
		{EB01C71E-1FFE-494A-A92A-FC923548D4FA}.Release|Any CPU.Build.0 = Release|Any CPU
		{EB01C71E-1FFE-494A-A92A-FC923548D4FA}.Release|x64.ActiveCfg = Release|Any CPU
		{EB01C71E-1FFE-494A-A92A-FC923548D4FA}.Release|x64.Build.0 = Release|Any CPU
		{EB01C71E-1FFE-494A-A92A-FC923548D4FA}.Release|x86.ActiveCfg = Release|Any CPU
		{EB01C71E-1FFE-494A-A92A-FC923548D4FA}.Release|x86.Build.0 = Release|Any CPU
		{BE6C206E-51AB-4218-BE3E-474007989132}.Debug|Any CPU.ActiveCfg = Debug|Any CPU
		{BE6C206E-51AB-4218-BE3E-474007989132}.Debug|Any CPU.Build.0 = Debug|Any CPU
		{BE6C206E-51AB-4218-BE3E-474007989132}.Debug|x64.ActiveCfg = Debug|Any CPU
		{BE6C206E-51AB-4218-BE3E-474007989132}.Debug|x64.Build.0 = Debug|Any CPU
		{BE6C206E-51AB-4218-BE3E-474007989132}.Debug|x86.ActiveCfg = Debug|Any CPU
		{BE6C206E-51AB-4218-BE3E-474007989132}.Debug|x86.Build.0 = Debug|Any CPU
		{BE6C206E-51AB-4218-BE3E-474007989132}.Release|Any CPU.ActiveCfg = Release|Any CPU
		{BE6C206E-51AB-4218-BE3E-474007989132}.Release|Any CPU.Build.0 = Release|Any CPU
		{BE6C206E-51AB-4218-BE3E-474007989132}.Release|x64.ActiveCfg = Release|Any CPU
		{BE6C206E-51AB-4218-BE3E-474007989132}.Release|x64.Build.0 = Release|Any CPU
		{BE6C206E-51AB-4218-BE3E-474007989132}.Release|x86.ActiveCfg = Release|Any CPU
		{BE6C206E-51AB-4218-BE3E-474007989132}.Release|x86.Build.0 = Release|Any CPU
	EndGlobalSection
	GlobalSection(NestedProjects) = preSolution
		{EB01C71E-1FFE-494A-A92A-FC923548D4FA} = {78C30F14-1A68-4C7D-8E72-261BF8858379}
		{BE6C206E-51AB-4218-BE3E-474007989132} = {A95FA9DD-8E3F-403E-B29D-8894221B5878}
	EndGlobalSection
EndGlobal
